
Microsoft Visual Studio Solution File, Format Version 12.00
# Visual Studio Version 16
VisualStudioVersion = 16.0.30114.105
MinimumVisualStudioVersion = 10.0.40219.1
Project("{FAE04EC0-301F-11D3-BF4B-00C04F79EFBC}") = "Large", "Large\Large.csproj", "{D770CD1F-B602-4888-91A3-7D060A53FBBC}"
EndProject
Global
	GlobalSection(SolutionConfigurationPlatforms) = preSolution
		Debug|Any CPU = Debug|Any CPU
		Release|Any CPU = Release|Any CPU
	EndGlobalSection
	GlobalSection(ProjectConfigurationPlatforms) = postSolution
		{D770CD1F-B602-4888-91A3-7D060A53FBBC}.Debug|Any CPU.ActiveCfg = Debug|Any CPU
		{D770CD1F-B602-4888-91A3-7D060A53FBBC}.Debug|Any CPU.Build.0 = Debug|Any CPU
		{D770CD1F-B602-4888-91A3-7D060A53FBBC}.Release|Any CPU.ActiveCfg = Release|Any CPU
		{D770CD1F-B602-4888-91A3-7D060A53FBBC}.Release|Any CPU.Build.0 = Release|Any CPU
	EndGlobalSection
	GlobalSection(SolutionProperties) = preSolution
		HideSolutionNode = FALSE
	EndGlobalSection
	GlobalSection(ExtensibilityGlobals) = postSolution
		SolutionGuid = {A4726AEB-0BAF-49F1-A501-2448B3E9C23D}
	EndGlobalSection
EndGlobal
